lockVersion: 2.0.0
id: a76d605f-5242-4bd3-8bd6-56a119e8eec5
management:
  docChecksum: 1cd64f43c5d94c4f253c2c7ac1a85ed8
  docVersion: 1.0.0
  speakeasyVersion: 1.368.0
  generationVersion: 2.399.0
  releaseVersion: 0.6.2
  configChecksum: 24fd245c3dfe1a96208945a11198340e
  repoURL: https://github.com/epilot-dev/terraform-provider-epilot-entitymapping.git
  repoSubDirectory: .
  published: true
features:
  terraform:
    additionalDependencies: 0.1.0
    additionalProperties: 0.1.2
    constsAndDefaults: 0.1.4
    core: 3.24.7
    deprecations: 2.81.1
    envVarSecurityUsage: 0.1.0
    globalSecurity: 2.81.8
    globalServerURLs: 2.82.1
    retries: 2.81.1
    unions: 2.81.16
generatedFiles:
  - internal/sdk/mappings.go
  - internal/sdk/sdk.go
  - internal/sdk/models/errors/sdkerror.go
  - internal/sdk/retry/config.go
  - internal/sdk/types/bigint.go
  - internal/sdk/types/date.go
  - internal/sdk/types/datetime.go
  - internal/sdk/types/decimal.go
  - internal/sdk/types/pointers.go
  - internal/sdk/internal/utils/contenttype.go
  - internal/sdk/internal/utils/form.go
  - internal/sdk/internal/utils/headers.go
  - internal/sdk/internal/utils/json.go
  - internal/sdk/internal/utils/pathparams.go
  - internal/sdk/internal/utils/queryparams.go
  - internal/sdk/internal/utils/requestbody.go
  - internal/sdk/internal/utils/retries.go
  - internal/sdk/internal/utils/security.go
  - internal/sdk/internal/utils/utils.go
  - internal/sdk/models/operations/deleteconfig.go
  - internal/sdk/models/operations/executemapping.go
  - internal/sdk/models/operations/executerelations.go
  - internal/sdk/models/operations/getallversions.go
  - internal/sdk/models/operations/getconfig.go
  - internal/sdk/models/operations/getconfigversion.go
  - internal/sdk/models/operations/getmappingconfig.go
  - internal/sdk/models/operations/putmappingconfig.go
  - internal/sdk/models/operations/querymappinghistory.go
  - internal/sdk/models/operations/searchconfigs.go
  - internal/sdk/models/operations/storeconfig.go
  - internal/sdk/models/operations/storenewversion.go
  - internal/sdk/models/shared/mappingconfig.go
  - internal/sdk/models/shared/targetconfig.go
  - internal/sdk/models/shared/relationattribute.go
  - internal/sdk/models/shared/attributeorigin.go
  - internal/sdk/models/shared/mappingattributev2.go
  - internal/sdk/models/shared/operationnode.go
  - internal/sdk/models/shared/operationobjectnode.go
  - internal/sdk/models/shared/randomoperation.go
  - internal/sdk/models/shared/mappingattribute.go
  - internal/sdk/models/shared/setvaluemapper.go
  - internal/sdk/models/shared/mappingattributemode.go
  - internal/sdk/models/shared/copyvaluemapper.go
  - internal/sdk/models/shared/appendvaluemapper.go
  - internal/sdk/models/shared/sourceconfig.go
  - internal/sdk/models/shared/journeyref.go
  - internal/sdk/models/shared/entityref.go
  - internal/sdk/models/shared/executemappingresp.go
  - internal/sdk/models/shared/mappingwarning.go
  - internal/sdk/models/shared/mappingfailure.go
  - internal/sdk/models/shared/executemappingreq.go
  - internal/sdk/models/shared/executerelationsresp.go
  - internal/sdk/models/shared/newrelationitem.go
  - internal/sdk/models/shared/executerelationsreq.go
  - internal/sdk/models/shared/relationitem.go
  - internal/sdk/models/shared/mappingconfigsresp.go
  - internal/sdk/models/shared/mappingconfigv2.go
  - internal/sdk/models/shared/mappinghistoryresp.go
  - internal/sdk/models/shared/mappinghistoryentry.go
  - internal/sdk/models/shared/searchmappingreq.go
  - internal/sdk/models/shared/security.go
  - internal/sdk/models/operations/options.go
  - internal/sdk/.gitattributes
  - internal/sdk/internal/hooks/hooks.go
  - examples/README.md
  - go.mod
  - go.sum
  - internal/planmodifiers/boolplanmodifier/suppress_diff.go
  - internal/planmodifiers/float64planmodifier/suppress_diff.go
  - internal/planmodifiers/int64planmodifier/suppress_diff.go
  - internal/planmodifiers/listplanmodifier/suppress_diff.go
  - internal/planmodifiers/mapplanmodifier/suppress_diff.go
  - internal/planmodifiers/numberplanmodifier/suppress_diff.go
  - internal/planmodifiers/objectplanmodifier/suppress_diff.go
  - internal/planmodifiers/setplanmodifier/suppress_diff.go
  - internal/planmodifiers/stringplanmodifier/suppress_diff.go
  - internal/planmodifiers/utils/state_check.go
  - internal/provider/reflect/diags.go
  - internal/provider/reflect/doc.go
  - internal/provider/reflect/generic_attr_value.go
  - internal/provider/reflect/helpers.go
  - internal/provider/reflect/interfaces.go
  - internal/provider/reflect/into.go
  - internal/provider/reflect/map.go
  - internal/provider/reflect/number.go
  - internal/provider/reflect/options.go
  - internal/provider/reflect/outof.go
  - internal/provider/reflect/pointer.go
  - internal/provider/reflect/primitive.go
  - internal/provider/reflect/slice.go
  - internal/provider/reflect/struct.go
  - internal/provider/utils.go
  - internal/validators/DateValidator.go
  - internal/validators/ExactlyOneChild.go
  - internal/validators/JSONParseValidator.go
  - internal/validators/RFC3339Validator.go
  - internal/validators/boolvalidators/not_null.go
  - internal/validators/float64validators/not_null.go
  - internal/validators/int64validators/not_null.go
  - internal/validators/listvalidators/not_null.go
  - internal/validators/mapvalidators/not_null.go
  - internal/validators/numbervalidators/not_null.go
  - internal/validators/objectvalidators/not_null.go
  - internal/validators/setvalidators/not_null.go
  - internal/validators/stringvalidators/not_null.go
  - main.go
  - terraform-registry-manifest.json
  - tools/tools.go
  - internal/provider/types/entity_ref.go
  - internal/provider/types/journey_ref.go
  - internal/provider/types/config.go
  - internal/provider/types/source_config.go
  - internal/provider/types/loop_config.go
  - internal/provider/types/append_value_mapper.go
  - internal/provider/types/copy_value_mapper.go
  - internal/provider/types/set_value_mapper.go
  - internal/provider/types/mapping_attribute.go
  - internal/provider/types/one.go
  - internal/provider/types/two.go
  - internal/provider/types/random_operation.go
  - internal/provider/types/uniq.go
  - internal/provider/types/operation_object_node.go
  - internal/provider/types/operation_node.go
  - internal/provider/types/mapping_attribute_v2.go
  - internal/provider/types/mapping_attributes.go
  - internal/provider/types/source_filter.go
  - internal/provider/types/relation_attribute.go
  - internal/provider/types/target_config.go
  - USAGE.md
  - internal/provider/provider.go
  - examples/provider/provider.tf
  - examples/resources/epilot-entitymapping_entity_mapping/import.sh
  - internal/provider/entitymapping_resource.go
  - internal/provider/entitymapping_resource_sdk.go
  - examples/resources/epilot-entitymapping_entity_mapping/resource.tf
  - internal/provider/entitymapping_data_source.go
  - internal/provider/entitymapping_data_source_sdk.go
  - examples/data-sources/epilot-entitymapping_entity_mapping/data-source.tf
  - .gitattributes
  - CONTRIBUTING.md
