lockVersion: 2.0.0
id: a76d605f-5242-4bd3-8bd6-56a119e8eec5
management:
  docChecksum: c4a1c7dbe4bb723c700940bbcaa52687
  docVersion: 1.0.0
  speakeasyVersion: 1.202.0
  generationVersion: 2.277.0
  releaseVersion: 0.4.1
  configChecksum: 66173a018b51a35513bfadec473b23fc
  repoURL: https://github.com/epilot-dev/terraform-provider-epilot-entitymapping.git
  repoSubDirectory: .
  published: true
features:
  terraform:
    additionalProperties: 0.1.2
    constsAndDefaults: 0.1.4
    core: 3.10.2
    deprecations: 2.81.1
    globalSecurity: 2.81.5
    globalServerURLs: 2.82.1
    retries: 2.81.1
    unions: 2.81.9
generatedFiles:
  - internal/sdk/mappings.go
  - internal/sdk/sdk.go
  - examples/README.md
  - go.mod
  - go.sum
  - internal/planmodifiers/boolplanmodifier/suppress_diff.go
  - internal/planmodifiers/float64planmodifier/suppress_diff.go
  - internal/planmodifiers/int64planmodifier/suppress_diff.go
  - internal/planmodifiers/listplanmodifier/suppress_diff.go
  - internal/planmodifiers/mapplanmodifier/suppress_diff.go
  - internal/planmodifiers/numberplanmodifier/suppress_diff.go
  - internal/planmodifiers/objectplanmodifier/suppress_diff.go
  - internal/planmodifiers/setplanmodifier/suppress_diff.go
  - internal/planmodifiers/stringplanmodifier/suppress_diff.go
  - internal/planmodifiers/utils/state_check.go
  - internal/provider/reflect/diags.go
  - internal/provider/reflect/doc.go
  - internal/provider/reflect/generic_attr_value.go
  - internal/provider/reflect/helpers.go
  - internal/provider/reflect/interfaces.go
  - internal/provider/reflect/into.go
  - internal/provider/reflect/map.go
  - internal/provider/reflect/number.go
  - internal/provider/reflect/options.go
  - internal/provider/reflect/outof.go
  - internal/provider/reflect/pointer.go
  - internal/provider/reflect/primitive.go
  - internal/provider/reflect/slice.go
  - internal/provider/reflect/struct.go
  - internal/provider/utils.go
  - internal/sdk/pkg/models/sdkerrors/sdkerror.go
  - internal/sdk/pkg/types/bigint.go
  - internal/sdk/pkg/types/date.go
  - internal/sdk/pkg/types/datetime.go
  - internal/sdk/pkg/types/decimal.go
  - internal/sdk/pkg/types/pointers.go
  - internal/sdk/pkg/utils/contenttype.go
  - internal/sdk/pkg/utils/form.go
  - internal/sdk/pkg/utils/headers.go
  - internal/sdk/pkg/utils/json.go
  - internal/sdk/pkg/utils/pathparams.go
  - internal/sdk/pkg/utils/queryparams.go
  - internal/sdk/pkg/utils/requestbody.go
  - internal/sdk/pkg/utils/retries.go
  - internal/sdk/pkg/utils/security.go
  - internal/sdk/pkg/utils/utils.go
  - internal/validators/DateValidator.go
  - internal/validators/ExactlyOneChild.go
  - internal/validators/JSONParseValidator.go
  - internal/validators/RFC3339Validator.go
  - internal/validators/boolvalidators/not_null.go
  - internal/validators/float64validators/not_null.go
  - internal/validators/int64validators/not_null.go
  - internal/validators/listvalidators/not_null.go
  - internal/validators/mapvalidators/not_null.go
  - internal/validators/numbervalidators/not_null.go
  - internal/validators/objectvalidators/not_null.go
  - internal/validators/setvalidators/not_null.go
  - internal/validators/stringvalidators/not_null.go
  - main.go
  - terraform-registry-manifest.json
  - tools/tools.go
  - internal/sdk/pkg/models/operations/deleteconfig.go
  - internal/sdk/pkg/models/operations/executemapping.go
  - internal/sdk/pkg/models/operations/executerelations.go
  - internal/sdk/pkg/models/operations/getallversions.go
  - internal/sdk/pkg/models/operations/getconfig.go
  - internal/sdk/pkg/models/operations/getconfigversion.go
  - internal/sdk/pkg/models/operations/querymappinghistory.go
  - internal/sdk/pkg/models/operations/searchconfigs.go
  - internal/sdk/pkg/models/operations/storeconfig.go
  - internal/sdk/pkg/models/operations/storenewversion.go
  - internal/sdk/pkg/models/shared/mappingconfig.go
  - internal/sdk/pkg/models/shared/targetconfig.go
  - internal/sdk/pkg/models/shared/relationattribute.go
  - internal/sdk/pkg/models/shared/attributeorigin.go
  - internal/sdk/pkg/models/shared/mappingattributev2.go
  - internal/sdk/pkg/models/shared/operationnode.go
  - internal/sdk/pkg/models/shared/operationobjectnode.go
  - internal/sdk/pkg/models/shared/randomoperation.go
  - internal/sdk/pkg/models/shared/mappingattribute.go
  - internal/sdk/pkg/models/shared/setvaluemapper.go
  - internal/sdk/pkg/models/shared/mappingattributemode.go
  - internal/sdk/pkg/models/shared/copyvaluemapper.go
  - internal/sdk/pkg/models/shared/appendvaluemapper.go
  - internal/sdk/pkg/models/shared/sourceconfig.go
  - internal/sdk/pkg/models/shared/journeyref.go
  - internal/sdk/pkg/models/shared/entityref.go
  - internal/sdk/pkg/models/shared/owner.go
  - internal/sdk/pkg/models/shared/executemappingresp.go
  - internal/sdk/pkg/models/shared/mappingwarning.go
  - internal/sdk/pkg/models/shared/mappingfailure.go
  - internal/sdk/pkg/models/shared/executemappingreq.go
  - internal/sdk/pkg/models/shared/executerelationsresp.go
  - internal/sdk/pkg/models/shared/newrelationitem.go
  - internal/sdk/pkg/models/shared/executerelationsreq.go
  - internal/sdk/pkg/models/shared/relationitem.go
  - internal/sdk/pkg/models/shared/mappingconfigsresp.go
  - internal/sdk/pkg/models/shared/mappinghistoryresp.go
  - internal/sdk/pkg/models/shared/mappinghistoryentry.go
  - internal/sdk/pkg/models/shared/searchmappingreq.go
  - internal/sdk/pkg/models/shared/security.go
  - USAGE.md
  - internal/provider/provider.go
  - examples/provider/provider.tf
  - internal/sdk/pkg/models/operations/options.go
  - .gitattributes
